
Microsoft Visual Studio Solution File, Format Version 12.00
# Visual Studio Version 17
VisualStudioVersion = 17.8.34525.116
MinimumVisualStudioVersion = 10.0.40219.1
Project("{FAE04EC0-301F-11D3-BF4B-00C04F79EFBC}") = "myProject", "myProject.csproj", "{B811D72D-0011-41F6-86D7-A03626776085}"
EndProject
Global
	GlobalSection(SolutionConfigurationPlatforms) = preSolution
		Debug|Any CPU = Debug|Any CPU
		Release|Any CPU = Release|Any CPU
	EndGlobalSection
	GlobalSection(ProjectConfigurationPlatforms) = postSolution
		{B811D72D-0011-41F6-86D7-A03626776085}.Debug|Any CPU.ActiveCfg = Debug|Any CPU
		{B811D72D-0011-41F6-86D7-A03626776085}.Debug|Any CPU.Build.0 = Debug|Any CPU
		{B811D72D-0011-41F6-86D7-A03626776085}.Release|Any CPU.ActiveCfg = Release|Any CPU
		{B811D72D-0011-41F6-86D7-A03626776085}.Release|Any CPU.Build.0 = Release|Any CPU
	EndGlobalSection
	GlobalSection(SolutionProperties) = preSolution
		HideSolutionNode = FALSE
	EndGlobalSection
	GlobalSection(ExtensibilityGlobals) = postSolution
		SolutionGuid = {01DB310F-0ABF-4226-A5F5-CCDE4DA4FBC1}
	EndGlobalSection
EndGlobal
